
Microsoft Visual Studio Solution File, Format Version 12.00
# Visual Studio Version 17
VisualStudioVersion = 17.0.31903.59
MinimumVisualStudioVersion = 10.0.40219.1
Project("{FAE04EC0-301F-11D3-BF4B-00C04F79EFBC}") = "PrimeService", "PrimeService\PrimeService.csproj", "{64D43E38-2A95-417F-BFE5-4DDE88453146}"
EndProject
Project("{FAE04EC0-301F-11D3-BF4B-00C04F79EFBC}") = "PrimeService.Tests", "PrimeService.Tests\PrimeService.Tests.csproj", "{6E82C351-B63F-4850-9976-A2839489A12E}"
EndProject
Global
	GlobalSection(SolutionConfigurationPlatforms) = preSolution
		Debug|Any CPU = Debug|Any CPU
		Release|Any CPU = Release|Any CPU
	EndGlobalSection
	GlobalSection(SolutionProperties) = preSolution
		HideSolutionNode = FALSE
	EndGlobalSection
	GlobalSection(ProjectConfigurationPlatforms) = postSolution
		{64D43E38-2A95-417F-BFE5-4DDE88453146}.Debug|Any CPU.ActiveCfg = Debug|Any CPU
		{64D43E38-2A95-417F-BFE5-4DDE88453146}.Debug|Any CPU.Build.0 = Debug|Any CPU
		{64D43E38-2A95-417F-BFE5-4DDE88453146}.Release|Any CPU.ActiveCfg = Release|Any CPU
		{64D43E38-2A95-417F-BFE5-4DDE88453146}.Release|Any CPU.Build.0 = Release|Any CPU
		{6E82C351-B63F-4850-9976-A2839489A12E}.Debug|Any CPU.ActiveCfg = Debug|Any CPU
		{6E82C351-B63F-4850-9976-A2839489A12E}.Debug|Any CPU.Build.0 = Debug|Any CPU
		{6E82C351-B63F-4850-9976-A2839489A12E}.Release|Any CPU.ActiveCfg = Release|Any CPU
		{6E82C351-B63F-4850-9976-A2839489A12E}.Release|Any CPU.Build.0 = Release|Any CPU
	EndGlobalSection
EndGlobal
